
Microsoft Visual Studio Solution File, Format Version 12.00
# Visual Studio Version 17
VisualStudioVersion = 17.0.31903.59
MinimumVisualStudioVersion = 10.0.40219.1
Project("{2150E333-8FDC-42A3-9474-1A3956D46DE8}") = "src", "src", "{8CFBE260-34CC-45F6-A298-F5EBCA83900D}"
EndProject
Project("{2150E333-8FDC-42A3-9474-1A3956D46DE8}") = "api", "api", "{89AEA62C-057B-46B8-A2F0-8363466EDCEB}"
EndProject
Project("{FAE04EC0-301F-11D3-BF4B-00C04F79EFBC}") = "Consultoria.Inversion.Api", "src\api\Consultoria.Inversion.Api\Consultoria.Inversion.Api.csproj", "{9AF9ECB2-3A40-46AE-9A9E-B6CB62573342}"
EndProject
Project("{2150E333-8FDC-42A3-9474-1A3956D46DE8}") = "core", "core", "{DF25B465-47D0-4F9A-A38F-739599111BB0}"
EndProject
Project("{FAE04EC0-301F-11D3-BF4B-00C04F79EFBC}") = "Consultora.Inversion.Domain", "src\core\Consultora.Inversion.Domain\Consultora.Inversion.Domain.csproj", "{DB560689-15A8-4855-A761-BE0119E0442E}"
EndProject
Project("{FAE04EC0-301F-11D3-BF4B-00C04F79EFBC}") = "Consultora.Inversion.Application", "src\core\Consultora.Inversion.Application\Consultora.Inversion.Application.csproj", "{F8397F31-8999-473C-A8EA-30EA7BADF5F4}"
EndProject
Project("{2150E333-8FDC-42A3-9474-1A3956D46DE8}") = "common", "common", "{22537FA0-2B14-42D5-BA88-DE222BF916F4}"
EndProject
Project("{FAE04EC0-301F-11D3-BF4B-00C04F79EFBC}") = "Consultoria.Inversion.Common", "src\common\Consultoria.Inversion.Common\Consultoria.Inversion.Common.csproj", "{C43A0F58-B67D-44E2-876B-4BE118C83D6F}"
EndProject
Project("{2150E333-8FDC-42A3-9474-1A3956D46DE8}") = "infrastructure", "infrastructure", "{9314FBFC-9013-4C53-B985-BD8B161C22D3}"
EndProject
Project("{FAE04EC0-301F-11D3-BF4B-00C04F79EFBC}") = "Consultoria.Inversion.Persistence", "src\infrastructure\Consultoria.Inversion.Persistence\Consultoria.Inversion.Persistence.csproj", "{9A4066B8-EBE7-49E9-8A74-D8D4438753C6}"
EndProject
Project("{FAE04EC0-301F-11D3-BF4B-00C04F79EFBC}") = "Consultoria.Inversion.External", "src\infrastructure\Consultoria.Inversion.External\Consultoria.Inversion.External.csproj", "{3986482E-6CB9-4627-8FD5-05ED63130F9F}"
EndProject
Global
	GlobalSection(SolutionConfigurationPlatforms) = preSolution
		Debug|Any CPU = Debug|Any CPU
		Release|Any CPU = Release|Any CPU
	EndGlobalSection
	GlobalSection(SolutionProperties) = preSolution
		HideSolutionNode = FALSE
	EndGlobalSection
	GlobalSection(ProjectConfigurationPlatforms) = postSolution
		{9AF9ECB2-3A40-46AE-9A9E-B6CB62573342}.Debug|Any CPU.ActiveCfg = Debug|Any CPU
		{9AF9ECB2-3A40-46AE-9A9E-B6CB62573342}.Debug|Any CPU.Build.0 = Debug|Any CPU
		{9AF9ECB2-3A40-46AE-9A9E-B6CB62573342}.Release|Any CPU.ActiveCfg = Release|Any CPU
		{9AF9ECB2-3A40-46AE-9A9E-B6CB62573342}.Release|Any CPU.Build.0 = Release|Any CPU
		{DB560689-15A8-4855-A761-BE0119E0442E}.Debug|Any CPU.ActiveCfg = Debug|Any CPU
		{DB560689-15A8-4855-A761-BE0119E0442E}.Debug|Any CPU.Build.0 = Debug|Any CPU
		{DB560689-15A8-4855-A761-BE0119E0442E}.Release|Any CPU.ActiveCfg = Release|Any CPU
		{DB560689-15A8-4855-A761-BE0119E0442E}.Release|Any CPU.Build.0 = Release|Any CPU
		{F8397F31-8999-473C-A8EA-30EA7BADF5F4}.Debug|Any CPU.ActiveCfg = Debug|Any CPU
		{F8397F31-8999-473C-A8EA-30EA7BADF5F4}.Debug|Any CPU.Build.0 = Debug|Any CPU
		{F8397F31-8999-473C-A8EA-30EA7BADF5F4}.Release|Any CPU.ActiveCfg = Release|Any CPU
		{F8397F31-8999-473C-A8EA-30EA7BADF5F4}.Release|Any CPU.Build.0 = Release|Any CPU
		{C43A0F58-B67D-44E2-876B-4BE118C83D6F}.Debug|Any CPU.ActiveCfg = Debug|Any CPU
		{C43A0F58-B67D-44E2-876B-4BE118C83D6F}.Debug|Any CPU.Build.0 = Debug|Any CPU
		{C43A0F58-B67D-44E2-876B-4BE118C83D6F}.Release|Any CPU.ActiveCfg = Release|Any CPU
		{C43A0F58-B67D-44E2-876B-4BE118C83D6F}.Release|Any CPU.Build.0 = Release|Any CPU
		{9A4066B8-EBE7-49E9-8A74-D8D4438753C6}.Debug|Any CPU.ActiveCfg = Debug|Any CPU
		{9A4066B8-EBE7-49E9-8A74-D8D4438753C6}.Debug|Any CPU.Build.0 = Debug|Any CPU
		{9A4066B8-EBE7-49E9-8A74-D8D4438753C6}.Release|Any CPU.ActiveCfg = Release|Any CPU
		{9A4066B8-EBE7-49E9-8A74-D8D4438753C6}.Release|Any CPU.Build.0 = Release|Any CPU
		{3986482E-6CB9-4627-8FD5-05ED63130F9F}.Debug|Any CPU.ActiveCfg = Debug|Any CPU
		{3986482E-6CB9-4627-8FD5-05ED63130F9F}.Debug|Any CPU.Build.0 = Debug|Any CPU
		{3986482E-6CB9-4627-8FD5-05ED63130F9F}.Release|Any CPU.ActiveCfg = Release|Any CPU
		{3986482E-6CB9-4627-8FD5-05ED63130F9F}.Release|Any CPU.Build.0 = Release|Any CPU
	EndGlobalSection
	GlobalSection(NestedProjects) = preSolution
		{89AEA62C-057B-46B8-A2F0-8363466EDCEB} = {8CFBE260-34CC-45F6-A298-F5EBCA83900D}
		{9AF9ECB2-3A40-46AE-9A9E-B6CB62573342} = {89AEA62C-057B-46B8-A2F0-8363466EDCEB}
		{DF25B465-47D0-4F9A-A38F-739599111BB0} = {8CFBE260-34CC-45F6-A298-F5EBCA83900D}
		{DB560689-15A8-4855-A761-BE0119E0442E} = {DF25B465-47D0-4F9A-A38F-739599111BB0}
		{F8397F31-8999-473C-A8EA-30EA7BADF5F4} = {DF25B465-47D0-4F9A-A38F-739599111BB0}
		{22537FA0-2B14-42D5-BA88-DE222BF916F4} = {8CFBE260-34CC-45F6-A298-F5EBCA83900D}
		{C43A0F58-B67D-44E2-876B-4BE118C83D6F} = {22537FA0-2B14-42D5-BA88-DE222BF916F4}
		{9314FBFC-9013-4C53-B985-BD8B161C22D3} = {8CFBE260-34CC-45F6-A298-F5EBCA83900D}
		{9A4066B8-EBE7-49E9-8A74-D8D4438753C6} = {9314FBFC-9013-4C53-B985-BD8B161C22D3}
		{3986482E-6CB9-4627-8FD5-05ED63130F9F} = {9314FBFC-9013-4C53-B985-BD8B161C22D3}
	EndGlobalSection
EndGlobal
